// !$*UTF8*$!
{
	archiveVersion = 1;
	classes = {
	};
	objectVersion = 46;
	objects = {

/* Begin PBXBuildFile section */
		215040D916DEA27200CD0AAE /* jive-software.png in Resources */ = {isa = PBXBuildFile; fileRef = 215040D816DEA27100CD0AAE /* jive-software.png */; };
		23680DAE16CAF9DB007EAF2F /* JVUtilities.m in Sources */ = {isa = PBXBuildFile; fileRef = 23680DAD16CAF9DB007EAF2F /* JVUtilities.m */; };
		2385546716EFED880045B0ED /* instance_info.json in Resources */ = {isa = PBXBuildFile; fileRef = 2385546616EFED880045B0ED /* instance_info.json */; };
		2D648B3416F286A600E97038 /* CreateImageTests.m in Sources */ = {isa = PBXBuildFile; fileRef = 21349A7C16DEA07A006A8BFD /* CreateImageTests.m */; };
		2D648B3516F286A600E97038 /* SearchPlace.m in Sources */ = {isa = PBXBuildFile; fileRef = 2DB3AED516D6A43000428AA4 /* SearchPlace.m */; };
		2D648B3616F286A600E97038 /* SearchPeople.m in Sources */ = {isa = PBXBuildFile; fileRef = 2DB3AED316D6A41300428AA4 /* SearchPeople.m */; };
		2D648B3716F286A600E97038 /* SearchContents.m in Sources */ = {isa = PBXBuildFile; fileRef = 2DB3AED116D6A3F700428AA4 /* SearchContents.m */; };
		2D648B3816F286A600E97038 /* FrequentContentWithOptions.m in Sources */ = {isa = PBXBuildFile; fileRef = 2DB3AEB616D6A37900428AA4 /* FrequentContentWithOptions.m */; };
		2D648B3916F286A600E97038 /* FrequentPeopleWithOptions.m in Sources */ = {isa = PBXBuildFile; fileRef = 2DB3AEB716D6A37900428AA4 /* FrequentPeopleWithOptions.m */; };
		2D648B3A16F286A600E97038 /* FrequentPlacesWithOptions.m in Sources */ = {isa = PBXBuildFile; fileRef = 2DB3AEB816D6A37900428AA4 /* FrequentPlacesWithOptions.m */; };
		2D648B3B16F286A600E97038 /* RecentContentWithOptions.m in Sources */ = {isa = PBXBuildFile; fileRef = 2DB3AEB916D6A37900428AA4 /* RecentContentWithOptions.m */; };
		2D648B3C16F286A600E97038 /* RecentPeopleWithOptions.m in Sources */ = {isa = PBXBuildFile; fileRef = 2DB3AEBA16D6A37900428AA4 /* RecentPeopleWithOptions.m */; };
		2D648B3D16F286A600E97038 /* RecentPlacesWithOptions.m in Sources */ = {isa = PBXBuildFile; fileRef = 2DB3AEBB16D6A37900428AA4 /* RecentPlacesWithOptions.m */; };
		2D648B3E16F286BC00E97038 /* CreateAndDeleteStreams.m in Sources */ = {isa = PBXBuildFile; fileRef = 2DB3AEB016D6A36800428AA4 /* CreateAndDeleteStreams.m */; };
		2D648B3F16F286BC00E97038 /* StreamActivities.m in Sources */ = {isa = PBXBuildFile; fileRef = 2DB3AEB116D6A36800428AA4 /* StreamActivities.m */; };
		2D648B4016F286BC00E97038 /* StreamAssociations.m in Sources */ = {isa = PBXBuildFile; fileRef = 2DB3AEB216D6A36800428AA4 /* StreamAssociations.m */; };
		2D648B4116F286BC00E97038 /* CreateAssociations.m in Sources */ = {isa = PBXBuildFile; fileRef = 2D99613F16E91A2C007A4A5B /* CreateAssociations.m */; };
		2D648B4216F286C400E97038 /* CommentsForContent.m in Sources */ = {isa = PBXBuildFile; fileRef = 2DB3AEC216D6A3EA00428AA4 /* CommentsForContent.m */; };
		2D648B4316F286C400E97038 /* ContentLike_Unlike.m in Sources */ = {isa = PBXBuildFile; fileRef = 2DB3AEC316D6A3EA00428AA4 /* ContentLike_Unlike.m */; };
		2D648B4416F286C400E97038 /* ContentLikedBy.m in Sources */ = {isa = PBXBuildFile; fileRef = 2DB3AEC416D6A3EA00428AA4 /* ContentLikedBy.m */; };
		2D648B4516F286C400E97038 /* ContentMarkAsRead.m in Sources */ = {isa = PBXBuildFile; fileRef = 2DB3AEC516D6A3EA00428AA4 /* ContentMarkAsRead.m */; };
		2D648B4616F286C400E97038 /* CreateComment.m in Sources */ = {isa = PBXBuildFile; fileRef = 2DB3AEC616D6A3EA00428AA4 /* CreateComment.m */; };
		2D648B4716F286C400E97038 /* CreateDocument.m in Sources */ = {isa = PBXBuildFile; fileRef = 2DB3AEC716D6A3EA00428AA4 /* CreateDocument.m */; };
		2D648B4816F286C400E97038 /* UpdateAndDeleteDocument.m in Sources */ = {isa = PBXBuildFile; fileRef = 2DB3AEC816D6A3EA00428AA4 /* UpdateAndDeleteDocument.m */; };
		2D648B4916F286C400E97038 /* JVContentTest.m in Sources */ = {isa = PBXBuildFile; fileRef = 0FC2FEC316AA148B00DDFF68 /* JVContentTest.m */; };
		2D648B4A16F286C400E97038 /* JVPeopleTest.m in Sources */ = {isa = PBXBuildFile; fileRef = B81B0C1216A8B38E0013CB48 /* JVPeopleTest.m */; };
		2D648B4B16F286C400E97038 /* JVPlacesTest.m in Sources */ = {isa = PBXBuildFile; fileRef = B8B38AAF16A8BC5000066EEF /* JVPlacesTest.m */; };
		B82D563717500834005EF0DA /* install-jive-truststore.bash in Resources */ = {isa = PBXBuildFile; fileRef = B82D563517500834005EF0DA /* install-jive-truststore.bash */; };
		B82D563817500834005EF0DA /* jive-TrustStore.sqlite3 in Resources */ = {isa = PBXBuildFile; fileRef = B82D563617500834005EF0DA /* jive-TrustStore.sqlite3 */; };
		B8A71F1016A89DFA00A7D2CE /* SenTestingKit.framework in Frameworks */ = {isa = PBXBuildFile; fileRef = B8A71ED816A89CCE00A7D2CE /* SenTestingKit.framework */; };
		B8A71F1116A89DFA00A7D2CE /* UIKit.framework in Frameworks */ = {isa = PBXBuildFile; fileRef = B8A71EBA16A89CCE00A7D2CE /* UIKit.framework */; };
		B8A71F1216A89DFA00A7D2CE /* Foundation.framework in Frameworks */ = {isa = PBXBuildFile; fileRef = B8A71EBC16A89CCE00A7D2CE /* Foundation.framework */; };
		B8A71F1816A89DFA00A7D2CE /* InfoPlist.strings in Resources */ = {isa = PBXBuildFile; fileRef = B8A71F1616A89DFA00A7D2CE /* InfoPlist.strings */; };
		B8A71F1B16A89DFA00A7D2CE /* JiveTestCase.m in Sources */ = {isa = PBXBuildFile; fileRef = B8A71F1A16A89DFA00A7D2CE /* JiveTestCase.m */; };
		B8D2511616B9749A00412DA5 /* MobileCoreServices.framework in Frameworks */ = {isa = PBXBuildFile; fileRef = B8D2511516B9749A00412DA5 /* MobileCoreServices.framework */; };
		B8D2511A16B974A000412DA5 /* SystemConfiguration.framework in Frameworks */ = {isa = PBXBuildFile; fileRef = B8D2511916B974A000412DA5 /* SystemConfiguration.framework */; };
/* End PBXBuildFile section */

/* Begin PBXContainerItemProxy section */
		B8F5EFA01739A5ED005F15AA /* PBXContainerItemProxy */ = {
			isa = PBXContainerItemProxy;
			containerPortal = B87DD39D16A8A3E7009CACF5 /* jive-ios-sdk.xcodeproj */;
			proxyType = 2;
			remoteGlobalIDString = 2192BBF91614F33300082926;
			remoteInfo = "jive-ios-sdk";
		};
		B8F5EFA21739A5ED005F15AA /* PBXContainerItemProxy */ = {
			isa = PBXContainerItemProxy;
			containerPortal = B87DD39D16A8A3E7009CACF5 /* jive-ios-sdk.xcodeproj */;
			proxyType = 2;
			remoteGlobalIDString = 2192BC0A1614F33300082926;
			remoteInfo = "jive-ios-sdkTests";
		};
		B8F5EFA41739A5F7005F15AA /* PBXContainerItemProxy */ = {
			isa = PBXContainerItemProxy;
			containerPortal = B87DD39D16A8A3E7009CACF5 /* jive-ios-sdk.xcodeproj */;
			proxyType = 1;
			remoteGlobalIDString = 21860614164C3B0B004AF2E2;
			remoteInfo = "Jive Framework";
		};
/* End PBXContainerItemProxy section */

/* Begin PBXFileReference section */
		0FC2FEC316AA148B00DDFF68 /* JVContentTest.m */ = {isa = PBXFileReference; fileEncoding = 4; lastKnownFileType = sourcecode.c.objc; path = JVContentTest.m; sourceTree = "<group>"; };
		21349A7C16DEA07A006A8BFD /* CreateImageTests.m */ = {isa = PBXFileReference; fileEncoding = 4; lastKnownFileType = sourcecode.c.objc; path = CreateImageTests.m; sourceTree = "<group>"; };
		215040D816DEA27100CD0AAE /* jive-software.png */ = {isa = PBXFileReference; lastKnownFileType = image.png; path = "jive-software.png"; sourceTree = "<group>"; };
		23680DAC16CAF9BA007EAF2F /* JVUtilities.h */ = {isa = PBXFileReference; fileEncoding = 4; lastKnownFileType = sourcecode.c.h; path = JVUtilities.h; sourceTree = "<group>"; };
		23680DAD16CAF9DB007EAF2F /* JVUtilities.m */ = {isa = PBXFileReference; fileEncoding = 4; lastKnownFileType = sourcecode.c.objc; path = JVUtilities.m; sourceTree = "<group>"; };
		2385546616EFED880045B0ED /* instance_info.json */ = {isa = PBXFileReference; fileEncoding = 4; lastKnownFileType = text.json; path = instance_info.json; sourceTree = "<group>"; };
		2D99613F16E91A2C007A4A5B /* CreateAssociations.m */ = {isa = PBXFileReference; fileEncoding = 4; lastKnownFileType = sourcecode.c.objc; path = CreateAssociations.m; sourceTree = "<group>"; };
		2DB3AEB016D6A36800428AA4 /* CreateAndDeleteStreams.m */ = {isa = PBXFileReference; fileEncoding = 4; lastKnownFileType = sourcecode.c.objc; path = CreateAndDeleteStreams.m; sourceTree = "<group>"; };
		2DB3AEB116D6A36800428AA4 /* StreamActivities.m */ = {isa = PBXFileReference; fileEncoding = 4; lastKnownFileType = sourcecode.c.objc; path = StreamActivities.m; sourceTree = "<group>"; };
		2DB3AEB216D6A36800428AA4 /* StreamAssociations.m */ = {isa = PBXFileReference; fileEncoding = 4; lastKnownFileType = sourcecode.c.objc; path = StreamAssociations.m; sourceTree = "<group>"; };
		2DB3AEB616D6A37900428AA4 /* FrequentContentWithOptions.m */ = {isa = PBXFileReference; fileEncoding = 4; lastKnownFileType = sourcecode.c.objc; path = FrequentContentWithOptions.m; sourceTree = "<group>"; };
		2DB3AEB716D6A37900428AA4 /* FrequentPeopleWithOptions.m */ = {isa = PBXFileReference; fileEncoding = 4; lastKnownFileType = sourcecode.c.objc; path = FrequentPeopleWithOptions.m; sourceTree = "<group>"; };
		2DB3AEB816D6A37900428AA4 /* FrequentPlacesWithOptions.m */ = {isa = PBXFileReference; fileEncoding = 4; lastKnownFileType = sourcecode.c.objc; path = FrequentPlacesWithOptions.m; sourceTree = "<group>"; };
		2DB3AEB916D6A37900428AA4 /* RecentContentWithOptions.m */ = {isa = PBXFileReference; fileEncoding = 4; lastKnownFileType = sourcecode.c.objc; path = RecentContentWithOptions.m; sourceTree = "<group>"; };
		2DB3AEBA16D6A37900428AA4 /* RecentPeopleWithOptions.m */ = {isa = PBXFileReference; fileEncoding = 4; lastKnownFileType = sourcecode.c.objc; path = RecentPeopleWithOptions.m; sourceTree = "<group>"; };
		2DB3AEBB16D6A37900428AA4 /* RecentPlacesWithOptions.m */ = {isa = PBXFileReference; fileEncoding = 4; lastKnownFileType = sourcecode.c.objc; path = RecentPlacesWithOptions.m; sourceTree = "<group>"; };
		2DB3AEC216D6A3EA00428AA4 /* CommentsForContent.m */ = {isa = PBXFileReference; fileEncoding = 4; lastKnownFileType = sourcecode.c.objc; path = CommentsForContent.m; sourceTree = "<group>"; };
		2DB3AEC316D6A3EA00428AA4 /* ContentLike_Unlike.m */ = {isa = PBXFileReference; fileEncoding = 4; lastKnownFileType = sourcecode.c.objc; path = ContentLike_Unlike.m; sourceTree = "<group>"; };
		2DB3AEC416D6A3EA00428AA4 /* ContentLikedBy.m */ = {isa = PBXFileReference; fileEncoding = 4; lastKnownFileType = sourcecode.c.objc; path = ContentLikedBy.m; sourceTree = "<group>"; };
		2DB3AEC516D6A3EA00428AA4 /* ContentMarkAsRead.m */ = {isa = PBXFileReference; fileEncoding = 4; lastKnownFileType = sourcecode.c.objc; path = ContentMarkAsRead.m; sourceTree = "<group>"; };
		2DB3AEC616D6A3EA00428AA4 /* CreateComment.m */ = {isa = PBXFileReference; fileEncoding = 4; lastKnownFileType = sourcecode.c.objc; path = CreateComment.m; sourceTree = "<group>"; };
		2DB3AEC716D6A3EA00428AA4 /* CreateDocument.m */ = {isa = PBXFileReference; fileEncoding = 4; lastKnownFileType = sourcecode.c.objc; path = CreateDocument.m; sourceTree = "<group>"; };
		2DB3AEC816D6A3EA00428AA4 /* UpdateAndDeleteDocument.m */ = {isa = PBXFileReference; fileEncoding = 4; lastKnownFileType = sourcecode.c.objc; path = UpdateAndDeleteDocument.m; sourceTree = "<group>"; };
		2DB3AED116D6A3F700428AA4 /* SearchContents.m */ = {isa = PBXFileReference; fileEncoding = 4; lastKnownFileType = sourcecode.c.objc; path = SearchContents.m; sourceTree = "<group>"; };
		2DB3AED316D6A41300428AA4 /* SearchPeople.m */ = {isa = PBXFileReference; fileEncoding = 4; lastKnownFileType = sourcecode.c.objc; name = SearchPeople.m; path = people/SearchPeople.m; sourceTree = "<group>"; };
		2DB3AED516D6A43000428AA4 /* SearchPlace.m */ = {isa = PBXFileReference; fileEncoding = 4; lastKnownFileType = sourcecode.c.objc; path = SearchPlace.m; sourceTree = "<group>"; };
		B81B0BFC16A8AD730013CB48 /* cleanup-jive-framework-build.bash */ = {isa = PBXFileReference; lastKnownFileType = text.script.sh; path = "cleanup-jive-framework-build.bash"; sourceTree = "<group>"; };
		B81B0C1216A8B38E0013CB48 /* JVPeopleTest.m */ = {isa = PBXFileReference; fileEncoding = 4; lastKnownFileType = sourcecode.c.objc; path = JVPeopleTest.m; sourceTree = "<group>"; };
		B82D563517500834005EF0DA /* install-jive-truststore.bash */ = {isa = PBXFileReference; fileEncoding = 4; lastKnownFileType = text.script.sh; path = "install-jive-truststore.bash"; sourceTree = "<group>"; };
		B82D563617500834005EF0DA /* jive-TrustStore.sqlite3 */ = {isa = PBXFileReference; lastKnownFileType = file; path = "jive-TrustStore.sqlite3"; sourceTree = "<group>"; };
		B87DD39D16A8A3E7009CACF5 /* jive-ios-sdk.xcodeproj */ = {isa = PBXFileReference; lastKnownFileType = "wrapper.pb-project"; name = "jive-ios-sdk.xcodeproj"; path = "../../jive-ios-sdk.xcodeproj"; sourceTree = "<group>"; };
		B8A71EBA16A89CCE00A7D2CE /* UIKit.framework */ = {isa = PBXFileReference; lastKnownFileType = wrapper.framework; name = UIKit.framework; path = System/Library/Frameworks/UIKit.framework; sourceTree = SDKROOT; };
		B8A71EBC16A89CCE00A7D2CE /* Foundation.framework */ = {isa = PBXFileReference; lastKnownFileType = wrapper.framework; name = Foundation.framework; path = System/Library/Frameworks/Foundation.framework; sourceTree = SDKROOT; };
		B8A71EBE16A89CCE00A7D2CE /* CoreGraphics.framework */ = {isa = PBXFileReference; lastKnownFileType = wrapper.framework; name = CoreGraphics.framework; path = System/Library/Frameworks/CoreGraphics.framework; sourceTree = SDKROOT; };
		B8A71ED816A89CCE00A7D2CE /* SenTestingKit.framework */ = {isa = PBXFileReference; lastKnownFileType = wrapper.framework; name = SenTestingKit.framework; path = Library/Frameworks/SenTestingKit.framework; sourceTree = DEVELOPER_DIR; };
		B8A71F0F16A89DFA00A7D2CE /* jive-ios-sdk-tests.octest */ = {isa = PBXFileReference; explicitFileType = wrapper.cfbundle; includeInIndex = 0; path = "jive-ios-sdk-tests.octest"; sourceTree = BUILT_PRODUCTS_DIR; };
		B8A71F1516A89DFA00A7D2CE /* jive-ios-sdk-tests-Info.plist */ = {isa = PBXFileReference; lastKnownFileType = text.plist.xml; path = "jive-ios-sdk-tests-Info.plist"; sourceTree = "<group>"; };
		B8A71F1716A89DFA00A7D2CE /* en */ = {isa = PBXFileReference; lastKnownFileType = text.plist.strings; name = en; path = en.lproj/InfoPlist.strings; sourceTree = "<group>"; };
		B8A71F1916A89DFA00A7D2CE /* JiveTestCase.h */ = {isa = PBXFileReference; lastKnownFileType = sourcecode.c.h; path = JiveTestCase.h; sourceTree = "<group>"; };
		B8A71F1A16A89DFA00A7D2CE /* JiveTestCase.m */ = {isa = PBXFileReference; lastKnownFileType = sourcecode.c.objc; path = JiveTestCase.m; sourceTree = "<group>"; };
		B8A71F1C16A89DFA00A7D2CE /* jive-ios-sdk-tests-Prefix.pch */ = {isa = PBXFileReference; lastKnownFileType = sourcecode.c.h; path = "jive-ios-sdk-tests-Prefix.pch"; sourceTree = "<group>"; };
		B8B38AAF16A8BC5000066EEF /* JVPlacesTest.m */ = {isa = PBXFileReference; fileEncoding = 4; lastKnownFileType = sourcecode.c.objc; path = JVPlacesTest.m; sourceTree = "<group>"; };
		B8D2511516B9749A00412DA5 /* MobileCoreServices.framework */ = {isa = PBXFileReference; lastKnownFileType = wrapper.framework; name = MobileCoreServices.framework; path = System/Library/Frameworks/MobileCoreServices.framework; sourceTree = SDKROOT; };
		B8D2511916B974A000412DA5 /* SystemConfiguration.framework */ = {isa = PBXFileReference; lastKnownFileType = wrapper.framework; name = SystemConfiguration.framework; path = System/Library/Frameworks/SystemConfiguration.framework; sourceTree = SDKROOT; };
/* End PBXFileReference section */

/* Begin PBXFrameworksBuildPhase section */
		B8A71F0B16A89DFA00A7D2CE /* Frameworks */ = {
			isa = PBXFrameworksBuildPhase;
			buildActionMask = 2147483647;
			files = (
				B8D2511A16B974A000412DA5 /* SystemConfiguration.framework in Frameworks */,
				B8D2511616B9749A00412DA5 /* MobileCoreServices.framework in Frameworks */,
				B8A71F1016A89DFA00A7D2CE /* SenTestingKit.framework in Frameworks */,
				B8A71F1116A89DFA00A7D2CE /* UIKit.framework in Frameworks */,
				B8A71F1216A89DFA00A7D2CE /* Foundation.framework in Frameworks */,
			);
			runOnlyForDeploymentPostprocessing = 0;
		};
/* End PBXFrameworksBuildPhase section */

/* Begin PBXGroup section */
		0FC2FEC116AA146F00DDFF68 /* content */ = {
			isa = PBXGroup;
			children = (
				2DB3AEC216D6A3EA00428AA4 /* CommentsForContent.m */,
				2DB3AEC316D6A3EA00428AA4 /* ContentLike_Unlike.m */,
				2DB3AEC416D6A3EA00428AA4 /* ContentLikedBy.m */,
				2DB3AEC516D6A3EA00428AA4 /* ContentMarkAsRead.m */,
				2DB3AEC616D6A3EA00428AA4 /* CreateComment.m */,
				2DB3AEC716D6A3EA00428AA4 /* CreateDocument.m */,
				2DB3AEC816D6A3EA00428AA4 /* UpdateAndDeleteDocument.m */,
				0FC2FEC316AA148B00DDFF68 /* JVContentTest.m */,
			);
			path = content;
			sourceTree = "<group>";
		};
		21349A7816DEA049006A8BFD /* images */ = {
			isa = PBXGroup;
			children = (
				215040D816DEA27100CD0AAE /* jive-software.png */,
				21349A7C16DEA07A006A8BFD /* CreateImageTests.m */,
			);
			name = images;
			sourceTree = "<group>";
		};
		23680DA816CAF990007EAF2F /* Utilities */ = {
			isa = PBXGroup;
			children = (
				23680DAD16CAF9DB007EAF2F /* JVUtilities.m */,
				23680DAC16CAF9BA007EAF2F /* JVUtilities.h */,
			);
			name = Utilities;
			sourceTree = "<group>";
		};
		23680DB016CAFA87007EAF2F /* inbox */ = {
			isa = PBXGroup;
			children = (
			);
			path = inbox;
			sourceTree = "<group>";
		};
		2DB3AEAB16D6A34D00428AA4 /* streams */ = {
			isa = PBXGroup;
			children = (
				2DB3AEB016D6A36800428AA4 /* CreateAndDeleteStreams.m */,
				2DB3AEB116D6A36800428AA4 /* StreamActivities.m */,
				2DB3AEB216D6A36800428AA4 /* StreamAssociations.m */,
				2D99613F16E91A2C007A4A5B /* CreateAssociations.m */,
			);
			name = streams;
			sourceTree = "<group>";
		};
		2DB3AEAF16D6A35300428AA4 /* activities */ = {
			isa = PBXGroup;
			children = (
				2DB3AEB616D6A37900428AA4 /* FrequentContentWithOptions.m */,
				2DB3AEB716D6A37900428AA4 /* FrequentPeopleWithOptions.m */,
				2DB3AEB816D6A37900428AA4 /* FrequentPlacesWithOptions.m */,
				2DB3AEB916D6A37900428AA4 /* RecentContentWithOptions.m */,
				2DB3AEBA16D6A37900428AA4 /* RecentPeopleWithOptions.m */,
				2DB3AEBB16D6A37900428AA4 /* RecentPlacesWithOptions.m */,
			);
			path = activities;
			sourceTree = "<group>";
		};
		2DB3AED016D6A3EE00428AA4 /* search */ = {
			isa = PBXGroup;
			children = (
				2DB3AED516D6A43000428AA4 /* SearchPlace.m */,
				2DB3AED316D6A41300428AA4 /* SearchPeople.m */,
				2DB3AED116D6A3F700428AA4 /* SearchContents.m */,
			);
			name = search;
			sourceTree = "<group>";
		};
		B81B0C1016A8B3320013CB48 /* people */ = {
			isa = PBXGroup;
			children = (
				B81B0C1216A8B38E0013CB48 /* JVPeopleTest.m */,
			);
			path = people;
			sourceTree = "<group>";
		};
		B87DD39916A8A38D009CACF5 /* lib */ = {
			isa = PBXGroup;
			children = (
				B87DD39D16A8A3E7009CACF5 /* jive-ios-sdk.xcodeproj */,
			);
			path = lib;
			sourceTree = "<group>";
		};
		B8A71EAB16A89CCE00A7D2CE = {
			isa = PBXGroup;
			children = (
				B87DD39916A8A38D009CACF5 /* lib */,
				B8A71F1316A89DFA00A7D2CE /* jive-ios-sdk-tests */,
				B8A71EB916A89CCE00A7D2CE /* Frameworks */,
				B8A71EB716A89CCE00A7D2CE /* Products */,
			);
			sourceTree = "<group>";
		};
		B8A71EB716A89CCE00A7D2CE /* Products */ = {
			isa = PBXGroup;
			children = (
				B8A71F0F16A89DFA00A7D2CE /* jive-ios-sdk-tests.octest */,
			);
			name = Products;
			sourceTree = "<group>";
		};
		B8A71EB916A89CCE00A7D2CE /* Frameworks */ = {
			isa = PBXGroup;
			children = (
				B8A71EBE16A89CCE00A7D2CE /* CoreGraphics.framework */,
				B8A71EBC16A89CCE00A7D2CE /* Foundation.framework */,
				B8D2511516B9749A00412DA5 /* MobileCoreServices.framework */,
				B8A71ED816A89CCE00A7D2CE /* SenTestingKit.framework */,
				B8D2511916B974A000412DA5 /* SystemConfiguration.framework */,
				B8A71EBA16A89CCE00A7D2CE /* UIKit.framework */,
			);
			name = Frameworks;
			sourceTree = "<group>";
		};
		B8A71F1316A89DFA00A7D2CE /* jive-ios-sdk-tests */ = {
			isa = PBXGroup;
			children = (
				21349A7816DEA049006A8BFD /* images */,
				2DB3AED016D6A3EE00428AA4 /* search */,
				2DB3AEAF16D6A35300428AA4 /* activities */,
				2DB3AEAB16D6A34D00428AA4 /* streams */,
				23680DB016CAFA87007EAF2F /* inbox */,
				23680DA816CAF990007EAF2F /* Utilities */,
				B8A71F1916A89DFA00A7D2CE /* JiveTestCase.h */,
				B8A71F1A16A89DFA00A7D2CE /* JiveTestCase.m */,
				0FC2FEC116AA146F00DDFF68 /* content */,
				B81B0C1016A8B3320013CB48 /* people */,
				B8B38AAA16A8BC3900066EEF /* places */,
				B8A71F1416A89DFA00A7D2CE /* Supporting Files */,
				2385546616EFED880045B0ED /* instance_info.json */,
			);
			path = "jive-ios-sdk-tests";
			sourceTree = "<group>";
		};
		B8A71F1416A89DFA00A7D2CE /* Supporting Files */ = {
			isa = PBXGroup;
			children = (
				B82D563517500834005EF0DA /* install-jive-truststore.bash */,
				B82D563617500834005EF0DA /* jive-TrustStore.sqlite3 */,
				B8A71F1516A89DFA00A7D2CE /* jive-ios-sdk-tests-Info.plist */,
				B8A71F1616A89DFA00A7D2CE /* InfoPlist.strings */,
				B8A71F1C16A89DFA00A7D2CE /* jive-ios-sdk-tests-Prefix.pch */,
				B81B0BFC16A8AD730013CB48 /* cleanup-jive-framework-build.bash */,
			);
			name = "Supporting Files";
			sourceTree = "<group>";
		};
		B8B38AAA16A8BC3900066EEF /* places */ = {
			isa = PBXGroup;
			children = (
				B8B38AAF16A8BC5000066EEF /* JVPlacesTest.m */,
			);
			path = places;
			sourceTree = "<group>";
		};
		B8F5EF9B1739A5ED005F15AA /* Products */ = {
			isa = PBXGroup;
			children = (
				B8F5EFA11739A5ED005F15AA /* libJive.a */,
				B8F5EFA31739A5ED005F15AA /* jive-ios-sdkTests.octest */,
			);
			name = Products;
			sourceTree = "<group>";
		};
/* End PBXGroup section */

/* Begin PBXNativeTarget section */
		B8A71F0E16A89DFA00A7D2CE /* jive-ios-sdk-tests */ = {
			isa = PBXNativeTarget;
			buildConfigurationList = B8A71F1D16A89DFA00A7D2CE /* Build configuration list for PBXNativeTarget "jive-ios-sdk-tests" */;
			buildPhases = (
				B82D563B1750084E005EF0DA /* ShellScript */,
				B84966B716A8AAFF00C1CF05 /* ShellScript */,
				B8A71F0A16A89DFA00A7D2CE /* Sources */,
				B8A71F0B16A89DFA00A7D2CE /* Frameworks */,
				B8A71F0C16A89DFA00A7D2CE /* Resources */,
				B8A71F0D16A89DFA00A7D2CE /* ShellScript */,
			);
			buildRules = (
			);
			dependencies = (
				B8F5EFA51739A5F7005F15AA /* PBXTargetDependency */,
			);
			name = "jive-ios-sdk-tests";
			productName = "jive-ios-sdk-tests";
			productReference = B8A71F0F16A89DFA00A7D2CE /* jive-ios-sdk-tests.octest */;
			productType = "com.apple.product-type.bundle";
		};
/* End PBXNativeTarget section */

/* Begin PBXProject section */
		B8A71EAD16A89CCE00A7D2CE /* Project object */ = {
			isa = PBXProject;
			attributes = {
				CLASSPREFIX = JV;
				LastUpgradeCheck = 0450;
				ORGANIZATIONNAME = "Jive Software";
			};
			buildConfigurationList = B8A71EB016A89CCE00A7D2CE /* Build configuration list for PBXProject "jive-ios-sdk-tests" */;
			compatibilityVersion = "Xcode 3.2";
			developmentRegion = English;
			hasScannedForEncodings = 0;
			knownRegions = (
				en,
			);
			mainGroup = B8A71EAB16A89CCE00A7D2CE;
			productRefGroup = B8A71EB716A89CCE00A7D2CE /* Products */;
			projectDirPath = "";
			projectReferences = (
				{
					ProductGroup = B8F5EF9B1739A5ED005F15AA /* Products */;
					ProjectRef = B87DD39D16A8A3E7009CACF5 /* jive-ios-sdk.xcodeproj */;
				},
			);
			projectRoot = "";
			targets = (
				B8A71F0E16A89DFA00A7D2CE /* jive-ios-sdk-tests */,
			);
		};
/* End PBXProject section */

/* Begin PBXReferenceProxy section */
		B8F5EFA11739A5ED005F15AA /* libJive.a */ = {
			isa = PBXReferenceProxy;
			fileType = archive.ar;
			path = libJive.a;
			remoteRef = B8F5EFA01739A5ED005F15AA /* PBXContainerItemProxy */;
			sourceTree = BUILT_PRODUCTS_DIR;
		};
		B8F5EFA31739A5ED005F15AA /* jive-ios-sdkTests.octest */ = {
			isa = PBXReferenceProxy;
			fileType = wrapper.cfbundle;
			path = "jive-ios-sdkTests.octest";
			remoteRef = B8F5EFA21739A5ED005F15AA /* PBXContainerItemProxy */;
			sourceTree = BUILT_PRODUCTS_DIR;
		};
/* End PBXReferenceProxy section */

/* Begin PBXResourcesBuildPhase section */
		B8A71F0C16A89DFA00A7D2CE /* Resources */ = {
			isa = PBXResourcesBuildPhase;
			buildActionMask = 2147483647;
			files = (
				B8A71F1816A89DFA00A7D2CE /* InfoPlist.strings in Resources */,
				215040D916DEA27200CD0AAE /* jive-software.png in Resources */,
				2385546716EFED880045B0ED /* instance_info.json in Resources */,
				B82D563717500834005EF0DA /* install-jive-truststore.bash in Resources */,
				B82D563817500834005EF0DA /* jive-TrustStore.sqlite3 in Resources */,
			);
			runOnlyForDeploymentPostprocessing = 0;
		};
/* End PBXResourcesBuildPhase section */

/* Begin PBXShellScriptBuildPhase section */
		B82D563B1750084E005EF0DA /* ShellScript */ = {
			isa = PBXShellScriptBuildPhase;
			buildActionMask = 2147483647;
			files = (
			);
			inputPaths = (
			);
			outputPaths = (
			);
			runOnlyForDeploymentPostprocessing = 0;
			shellPath = /bin/sh;
			shellScript = "\"$PROJECT_DIR\"/\"$TARGET_NAME\"/install-jive-truststore.bash";
			showEnvVarsInLog = 0;
		};
		B84966B716A8AAFF00C1CF05 /* ShellScript */ = {
			isa = PBXShellScriptBuildPhase;
			buildActionMask = 2147483647;
			files = (
			);
			inputPaths = (
			);
			outputPaths = (
			);
			runOnlyForDeploymentPostprocessing = 0;
			shellPath = /bin/sh;
			shellScript = "\"${PROJECT_DIR}/${TARGET_NAME}\"/cleanup-jive-framework-build.bash";
		};
		B8A71F0D16A89DFA00A7D2CE /* ShellScript */ = {
			isa = PBXShellScriptBuildPhase;
			buildActionMask = 2147483647;
			files = (
			);
			inputPaths = (
			);
			outputPaths = (
			);
			runOnlyForDeploymentPostprocessing = 0;
			shellPath = /bin/sh;
			shellScript = "# Run the unit tests in this test bundle.\n\"${SYSTEM_DEVELOPER_DIR}/Tools/RunUnitTests\"\n";
		};
/* End PBXShellScriptBuildPhase section */

/* Begin PBXSourcesBuildPhase section */
		B8A71F0A16A89DFA00A7D2CE /* Sources */ = {
			isa = PBXSourcesBuildPhase;
			buildActionMask = 2147483647;
			files = (
				2D648B4216F286C400E97038 /* CommentsForContent.m in Sources */,
				2D648B4316F286C400E97038 /* ContentLike_Unlike.m in Sources */,
				2D648B4416F286C400E97038 /* ContentLikedBy.m in Sources */,
				2D648B4516F286C400E97038 /* ContentMarkAsRead.m in Sources */,
				2D648B4616F286C400E97038 /* CreateComment.m in Sources */,
				2D648B4716F286C400E97038 /* CreateDocument.m in Sources */,
				2D648B4816F286C400E97038 /* UpdateAndDeleteDocument.m in Sources */,
				2D648B4916F286C400E97038 /* JVContentTest.m in Sources */,
				2D648B4A16F286C400E97038 /* JVPeopleTest.m in Sources */,
				2D648B4B16F286C400E97038 /* JVPlacesTest.m in Sources */,
				2D648B3E16F286BC00E97038 /* CreateAndDeleteStreams.m in Sources */,
				2D648B3F16F286BC00E97038 /* StreamActivities.m in Sources */,
				2D648B4016F286BC00E97038 /* StreamAssociations.m in Sources */,
				2D648B4116F286BC00E97038 /* CreateAssociations.m in Sources */,
				2D648B3416F286A600E97038 /* CreateImageTests.m in Sources */,
				2D648B3516F286A600E97038 /* SearchPlace.m in Sources */,
				2D648B3616F286A600E97038 /* SearchPeople.m in Sources */,
				2D648B3716F286A600E97038 /* SearchContents.m in Sources */,
				2D648B3816F286A600E97038 /* FrequentContentWithOptions.m in Sources */,
				2D648B3916F286A600E97038 /* FrequentPeopleWithOptions.m in Sources */,
				2D648B3A16F286A600E97038 /* FrequentPlacesWithOptions.m in Sources */,
				2D648B3B16F286A600E97038 /* RecentContentWithOptions.m in Sources */,
				2D648B3C16F286A600E97038 /* RecentPeopleWithOptions.m in Sources */,
				2D648B3D16F286A600E97038 /* RecentPlacesWithOptions.m in Sources */,
				B8A71F1B16A89DFA00A7D2CE /* JiveTestCase.m in Sources */,
				23680DAE16CAF9DB007EAF2F /* JVUtilities.m in Sources */,
			);
			runOnlyForDeploymentPostprocessing = 0;
		};
/* End PBXSourcesBuildPhase section */

/* Begin PBXTargetDependency section */
		B8F5EFA51739A5F7005F15AA /* PBXTargetDependency */ = {
			isa = PBXTargetDependency;
			name = "Jive Framework";
			targetProxy = B8F5EFA41739A5F7005F15AA /* PBXContainerItemProxy */;
		};
/* End PBXTargetDependency section */

/* Begin PBXVariantGroup section */
		B8A71F1616A89DFA00A7D2CE /* InfoPlist.strings */ = {
			isa = PBXVariantGroup;
			children = (
				B8A71F1716A89DFA00A7D2CE /* en */,
			);
			name = InfoPlist.strings;
			sourceTree = "<group>";
		};
/* End PBXVariantGroup section */

/* Begin XCBuildConfiguration section */
		B8A71EE716A89CCE00A7D2CE /* Debug */ = {
			isa = XCBuildConfiguration;
			buildSettings = {
				ALWAYS_SEARCH_USER_PATHS = NO;
				CLANG_ANALYZER_SECURITY_INSECUREAPI_RAND = YES;
				CLANG_CXX_LANGUAGE_STANDARD = "gnu++0x";
				CLANG_CXX_LIBRARY = "libc++";
				CLANG_ENABLE_OBJC_ARC = YES;
				CLANG_WARN_DEPRECATED_OBJC_IMPLEMENTATIONS = YES;
				CLANG_WARN_EMPTY_BODY = YES;
				CLANG_WARN_IMPLICIT_SIGN_CONVERSION = YES;
				CLANG_WARN_OBJC_IMPLICIT_ATOMIC_PROPERTIES = YES;
				CLANG_WARN_SUSPICIOUS_IMPLICIT_CONVERSION = YES;
				CLANG_WARN__DUPLICATE_METHOD_MATCH = YES;
				"CODE_SIGN_IDENTITY[sdk=iphoneos*]" = "iPhone Developer";
				COPY_PHASE_STRIP = NO;
				FRAMEWORK_SEARCH_PATHS = "\"${BUILT_PRODUCTS_DIR}\"";
				GCC_C_LANGUAGE_STANDARD = gnu99;
				GCC_DYNAMIC_NO_PIC = NO;
				GCC_OPTIMIZATION_LEVEL = 0;
				GCC_PREPROCESSOR_DEFINITIONS = (
					"DEBUG=1",
					"$(inherited)",
				);
				GCC_SYMBOLS_PRIVATE_EXTERN = NO;
				GCC_TREAT_WARNINGS_AS_ERRORS = YES;
				GCC_WARN_64_TO_32_BIT_CONVERSION = YES;
				GCC_WARN_ABOUT_MISSING_FIELD_INITIALIZERS = YES;
				GCC_WARN_ABOUT_MISSING_NEWLINE = YES;
				GCC_WARN_ABOUT_MISSING_PROTOTYPES = YES;
				GCC_WARN_ABOUT_RETURN_TYPE = YES;
				GCC_WARN_SHADOW = YES;
				GCC_WARN_SIGN_COMPARE = YES;
				GCC_WARN_UNDECLARED_SELECTOR = YES;
				GCC_WARN_UNINITIALIZED_AUTOS = YES;
				GCC_WARN_UNKNOWN_PRAGMAS = YES;
				GCC_WARN_UNUSED_VARIABLE = YES;
				IPHONEOS_DEPLOYMENT_TARGET = 6.0;
				OTHER_LDFLAGS = (
					"-framework",
					Jive,
					"-ObjC",
					"-all_load",
				);
				RUN_CLANG_STATIC_ANALYZER = YES;
				SDKROOT = iphoneos;
				TARGETED_DEVICE_FAMILY = "1,2";
			};
			name = Debug;
		};
		B8A71EE816A89CCE00A7D2CE /* Release */ = {
			isa = XCBuildConfiguration;
			buildSettings = {
				ALWAYS_SEARCH_USER_PATHS = NO;
				CLANG_ANALYZER_SECURITY_INSECUREAPI_RAND = YES;
				CLANG_CXX_LANGUAGE_STANDARD = "gnu++0x";
				CLANG_CXX_LIBRARY = "libc++";
				CLANG_ENABLE_OBJC_ARC = YES;
				CLANG_WARN_DEPRECATED_OBJC_IMPLEMENTATIONS = YES;
				CLANG_WARN_EMPTY_BODY = YES;
				CLANG_WARN_IMPLICIT_SIGN_CONVERSION = YES;
				CLANG_WARN_OBJC_IMPLICIT_ATOMIC_PROPERTIES = YES;
				CLANG_WARN_SUSPICIOUS_IMPLICIT_CONVERSION = YES;
				CLANG_WARN__DUPLICATE_METHOD_MATCH = YES;
				"CODE_SIGN_IDENTITY[sdk=iphoneos*]" = "iPhone Developer";
				COPY_PHASE_STRIP = YES;
				FRAMEWORK_SEARCH_PATHS = "\"${BUILT_PRODUCTS_DIR}\"";
				GCC_C_LANGUAGE_STANDARD = gnu99;
				GCC_TREAT_WARNINGS_AS_ERRORS = YES;
				GCC_WARN_64_TO_32_BIT_CONVERSION = YES;
				GCC_WARN_ABOUT_MISSING_FIELD_INITIALIZERS = YES;
				GCC_WARN_ABOUT_MISSING_NEWLINE = YES;
				GCC_WARN_ABOUT_MISSING_PROTOTYPES = YES;
				GCC_WARN_ABOUT_RETURN_TYPE = YES;
				GCC_WARN_SHADOW = YES;
				GCC_WARN_SIGN_COMPARE = YES;
				GCC_WARN_UNDECLARED_SELECTOR = YES;
				GCC_WARN_UNINITIALIZED_AUTOS = YES;
				GCC_WARN_UNKNOWN_PRAGMAS = YES;
				GCC_WARN_UNUSED_VARIABLE = YES;
				IPHONEOS_DEPLOYMENT_TARGET = 6.0;
				OTHER_CFLAGS = "-DNS_BLOCK_ASSERTIONS=1";
				OTHER_LDFLAGS = (
					"-framework",
					Jive,
					"-ObjC",
					"-all_load",
				);
				RUN_CLANG_STATIC_ANALYZER = YES;
				SDKROOT = iphoneos;
				TARGETED_DEVICE_FAMILY = "1,2";
				VALIDATE_PRODUCT = YES;
			};
			name = Release;
		};
		B8A71F1E16A89DFA00A7D2CE /* Debug */ = {
			isa = XCBuildConfiguration;
			buildSettings = {
				FRAMEWORK_SEARCH_PATHS = (
					"\"$(SDKROOT)/Developer/Library/Frameworks\"",
					"\"$(DEVELOPER_LIBRARY_DIR)/Frameworks\"",
				);
				GCC_PRECOMPILE_PREFIX_HEADER = YES;
				GCC_PREFIX_HEADER = "jive-ios-sdk-tests/jive-ios-sdk-tests-Prefix.pch";
				INFOPLIST_FILE = "jive-ios-sdk-tests/jive-ios-sdk-tests-Info.plist";
				PRODUCT_NAME = "$(TARGET_NAME)";
				WRAPPER_EXTENSION = octest;
			};
			name = Debug;
		};
		B8A71F1F16A89DFA00A7D2CE /* Release */ = {
			isa = XCBuildConfiguration;
			buildSettings = {
				FRAMEWORK_SEARCH_PATHS = (
					"\"$(SDKROOT)/Developer/Library/Frameworks\"",
					"\"$(DEVELOPER_LIBRARY_DIR)/Frameworks\"",
				);
				GCC_PRECOMPILE_PREFIX_HEADER = YES;
				GCC_PREFIX_HEADER = "jive-ios-sdk-tests/jive-ios-sdk-tests-Prefix.pch";
				INFOPLIST_FILE = "jive-ios-sdk-tests/jive-ios-sdk-tests-Info.plist";
				PRODUCT_NAME = "$(TARGET_NAME)";
				WRAPPER_EXTENSION = octest;
			};
			name = Release;
		};
/* End XCBuildConfiguration section */

/* Begin XCConfigurationList section */
		B8A71EB016A89CCE00A7D2CE /* Build configuration list for PBXProject "jive-ios-sdk-tests" */ = {
			isa = XCConfigurationList;
			buildConfigurations = (
				B8A71EE716A89CCE00A7D2CE /* Debug */,
				B8A71EE816A89CCE00A7D2CE /* Release */,
			);
			defaultConfigurationIsVisible = 0;
			defaultConfigurationName = Release;
		};
		B8A71F1D16A89DFA00A7D2CE /* Build configuration list for PBXNativeTarget "jive-ios-sdk-tests" */ = {
			isa = XCConfigurationList;
			buildConfigurations = (
				B8A71F1E16A89DFA00A7D2CE /* Debug */,
				B8A71F1F16A89DFA00A7D2CE /* Release */,
			);
			defaultConfigurationIsVisible = 0;
			defaultConfigurationName = Release;
		};
/* End XCConfigurationList section */
	};
	rootObject = B8A71EAD16A89CCE00A7D2CE /* Project object */;
}
